// !$*UTF8*$!
{
	archiveVersion = 1;
	classes = {
	};
	objectVersion = 56;
	objects = {

/* Begin PBXBuildFile section */
		C625094229B372C400A1F7E0 /* Rates.swift in Sources */ = {isa = PBXBuildFile; fileRef = C625094029B372C400A1F7E0 /* Rates.swift */; };
		C625094329B372C400A1F7E0 /* Json4Swift_Base.swift in Sources */ = {isa = PBXBuildFile; fileRef = C625094129B372C400A1F7E0 /* Json4Swift_Base.swift */; };
		C625094929B3737E00A1F7E0 /* NetworkService.swift in Sources */ = {isa = PBXBuildFile; fileRef = C625094629B3737E00A1F7E0 /* NetworkService.swift */; };
		C625094A29B3737E00A1F7E0 /* Enpoint.swift in Sources */ = {isa = PBXBuildFile; fileRef = C625094729B3737E00A1F7E0 /* Enpoint.swift */; };
		C625094B29B3737E00A1F7E0 /* EndPointType.swift in Sources */ = {isa = PBXBuildFile; fileRef = C625094829B3737E00A1F7E0 /* EndPointType.swift */; };
		C625094E29B373EB00A1F7E0 /* CurrencyConverterViewModel.swift in Sources */ = {isa = PBXBuildFile; fileRef = C625094D29B373EB00A1F7E0 /* CurrencyConverterViewModel.swift */; };
		C659495429B21C44003C5FA3 /* AppDelegate.swift in Sources */ = {isa = PBXBuildFile; fileRef = C659495329B21C44003C5FA3 /* AppDelegate.swift */; };
		C659495629B21C44003C5FA3 /* SceneDelegate.swift in Sources */ = {isa = PBXBuildFile; fileRef = C659495529B21C44003C5FA3 /* SceneDelegate.swift */; };
		C659495829B21C44003C5FA3 /* ViewController.swift in Sources */ = {isa = PBXBuildFile; fileRef = C659495729B21C44003C5FA3 /* ViewController.swift */; };
		C659495B29B21C44003C5FA3 /* Main.storyboard in Resources */ = {isa = PBXBuildFile; fileRef = C659495929B21C44003C5FA3 /* Main.storyboard */; };
		C659495D29B21C45003C5FA3 /* Assets.xcassets in Resources */ = {isa = PBXBuildFile; fileRef = C659495C29B21C45003C5FA3 /* Assets.xcassets */; };
		C659496029B21C45003C5FA3 /* LaunchScreen.storyboard in Resources */ = {isa = PBXBuildFile; fileRef = C659495E29B21C45003C5FA3 /* LaunchScreen.storyboard */; };
		C659496B29B21C45003C5FA3 /* CurrnecyConvertTestTests.swift in Sources */ = {isa = PBXBuildFile; fileRef = C659496A29B21C45003C5FA3 /* CurrnecyConvertTestTests.swift */; };
		C659497529B21C45003C5FA3 /* CurrnecyConvertTestUITests.swift in Sources */ = {isa = PBXBuildFile; fileRef = C659497429B21C45003C5FA3 /* CurrnecyConvertTestUITests.swift */; };
		C659497729B21C45003C5FA3 /* CurrnecyConvertTestUITestsLaunchTests.swift in Sources */ = {isa = PBXBuildFile; fileRef = C659497629B21C45003C5FA3 /* CurrnecyConvertTestUITestsLaunchTests.swift */; };
		C6DFF16829B541C80024CAD7 /* Extension.swift in Sources */ = {isa = PBXBuildFile; fileRef = C6DFF16729B541C80024CAD7 /* Extension.swift */; };
/* End PBXBuildFile section */

/* Begin PBXContainerItemProxy section */
		C659496729B21C45003C5FA3 /* PBXContainerItemProxy */ = {
			isa = PBXContainerItemProxy;
			containerPortal = C659494829B21C44003C5FA3 /* Project object */;
			proxyType = 1;
			remoteGlobalIDString = C659494F29B21C44003C5FA3;
			remoteInfo = CurrnecyConvertTest;
		};
		C659497129B21C45003C5FA3 /* PBXContainerItemProxy */ = {
			isa = PBXContainerItemProxy;
			containerPortal = C659494829B21C44003C5FA3 /* Project object */;
			proxyType = 1;
			remoteGlobalIDString = C659494F29B21C44003C5FA3;
			remoteInfo = CurrnecyConvertTest;
		};
/* End PBXContainerItemProxy section */

/* Begin PBXFileReference section */
		C625094029B372C400A1F7E0 /* Rates.swift */ = {isa = PBXFileReference; fileEncoding = 4; lastKnownFileType = sourcecode.swift; path = Rates.swift; sourceTree = "<group>"; };
		C625094129B372C400A1F7E0 /* Json4Swift_Base.swift */ = {isa = PBXFileReference; fileEncoding = 4; lastKnownFileType = sourcecode.swift; path = Json4Swift_Base.swift; sourceTree = "<group>"; };
		C625094629B3737E00A1F7E0 /* NetworkService.swift */ = {isa = PBXFileReference; fileEncoding = 4; lastKnownFileType = sourcecode.swift; path = NetworkService.swift; sourceTree = "<group>"; };
		C625094729B3737E00A1F7E0 /* Enpoint.swift */ = {isa = PBXFileReference; fileEncoding = 4; lastKnownFileType = sourcecode.swift; path = Enpoint.swift; sourceTree = "<group>"; };
		C625094829B3737E00A1F7E0 /* EndPointType.swift */ = {isa = PBXFileReference; fileEncoding = 4; lastKnownFileType = sourcecode.swift; path = EndPointType.swift; sourceTree = "<group>"; };
		C625094D29B373EB00A1F7E0 /* CurrencyConverterViewModel.swift */ = {isa = PBXFileReference; lastKnownFileType = sourcecode.swift; path = CurrencyConverterViewModel.swift; sourceTree = "<group>"; };
		C659495029B21C44003C5FA3 /* CurrnecyConvertTest.app */ = {isa = PBXFileReference; explicitFileType = wrapper.application; includeInIndex = 0; path = CurrnecyConvertTest.app; sourceTree = BUILT_PRODUCTS_DIR; };
		C659495329B21C44003C5FA3 /* AppDelegate.swift */ = {isa = PBXFileReference; lastKnownFileType = sourcecode.swift; path = AppDelegate.swift; sourceTree = "<group>"; };
		C659495529B21C44003C5FA3 /* SceneDelegate.swift */ = {isa = PBXFileReference; lastKnownFileType = sourcecode.swift; path = SceneDelegate.swift; sourceTree = "<group>"; };
		C659495729B21C44003C5FA3 /* ViewController.swift */ = {isa = PBXFileReference; lastKnownFileType = sourcecode.swift; path = ViewController.swift; sourceTree = "<group>"; };
		C659495A29B21C44003C5FA3 /* Base */ = {isa = PBXFileReference; lastKnownFileType = file.storyboard; name = Base; path = Base.lproj/Main.storyboard; sourceTree = "<group>"; };
		C659495C29B21C45003C5FA3 /* Assets.xcassets */ = {isa = PBXFileReference; lastKnownFileType = folder.assetcatalog; path = Assets.xcassets; sourceTree = "<group>"; };
		C659495F29B21C45003C5FA3 /* Base */ = {isa = PBXFileReference; lastKnownFileType = file.storyboard; name = Base; path = Base.lproj/LaunchScreen.storyboard; sourceTree = "<group>"; };
		C659496129B21C45003C5FA3 /* Info.plist */ = {isa = PBXFileReference; lastKnownFileType = text.plist.xml; path = Info.plist; sourceTree = "<group>"; };
		C659496629B21C45003C5FA3 /* CurrnecyConvertTestTests.xctest */ = {isa = PBXFileReference; explicitFileType = wrapper.cfbundle; includeInIndex = 0; path = CurrnecyConvertTestTests.xctest; sourceTree = BUILT_PRODUCTS_DIR; };
		C659496A29B21C45003C5FA3 /* CurrnecyConvertTestTests.swift */ = {isa = PBXFileReference; lastKnownFileType = sourcecode.swift; path = CurrnecyConvertTestTests.swift; sourceTree = "<group>"; };
		C659497029B21C45003C5FA3 /* CurrnecyConvertTestUITests.xctest */ = {isa = PBXFileReference; explicitFileType = wrapper.cfbundle; includeInIndex = 0; path = CurrnecyConvertTestUITests.xctest; sourceTree = BUILT_PRODUCTS_DIR; };
		C659497429B21C45003C5FA3 /* CurrnecyConvertTestUITests.swift */ = {isa = PBXFileReference; lastKnownFileType = sourcecode.swift; path = CurrnecyConvertTestUITests.swift; sourceTree = "<group>"; };
		C659497629B21C45003C5FA3 /* CurrnecyConvertTestUITestsLaunchTests.swift */ = {isa = PBXFileReference; lastKnownFileType = sourcecode.swift; path = CurrnecyConvertTestUITestsLaunchTests.swift; sourceTree = "<group>"; };
		C6DFF16729B541C80024CAD7 /* Extension.swift */ = {isa = PBXFileReference; lastKnownFileType = sourcecode.swift; path = Extension.swift; sourceTree = "<group>"; };
/* End PBXFileReference section */

/* Begin PBXFrameworksBuildPhase section */
		C659494D29B21C44003C5FA3 /* Frameworks */ = {
			isa = PBXFrameworksBuildPhase;
			buildActionMask = 2147483647;
			files = (
			);
			runOnlyForDeploymentPostprocessing = 0;
		};
		C659496329B21C45003C5FA3 /* Frameworks */ = {
			isa = PBXFrameworksBuildPhase;
			buildActionMask = 2147483647;
			files = (
			);
			runOnlyForDeploymentPostprocessing = 0;
		};
		C659496D29B21C45003C5FA3 /* Frameworks */ = {
			isa = PBXFrameworksBuildPhase;
			buildActionMask = 2147483647;
			files = (
			);
			runOnlyForDeploymentPostprocessing = 0;
		};
/* End PBXFrameworksBuildPhase section */

/* Begin PBXGroup section */
		C625093E29B372B100A1F7E0 /* Model */ = {
			isa = PBXGroup;
			children = (
				C625094029B372C400A1F7E0 /* Rates.swift */,
				C625094129B372C400A1F7E0 /* Json4Swift_Base.swift */,
			);
			path = Model;
			sourceTree = "<group>";
		};
		C625094429B3733900A1F7E0 /* ViewModel */ = {
			isa = PBXGroup;
			children = (
				C625094D29B373EB00A1F7E0 /* CurrencyConverterViewModel.swift */,
			);
			path = ViewModel;
			sourceTree = "<group>";
		};
		C625094529B3737E00A1F7E0 /* Services */ = {
			isa = PBXGroup;
			children = (
				C625094629B3737E00A1F7E0 /* NetworkService.swift */,
				C625094729B3737E00A1F7E0 /* Enpoint.swift */,
				C625094829B3737E00A1F7E0 /* EndPointType.swift */,
			);
			path = Services;
			sourceTree = "<group>";
		};
		C659494729B21C44003C5FA3 = {
			isa = PBXGroup;
			children = (
				C659495229B21C44003C5FA3 /* CurrnecyConvertTest */,
				C659496929B21C45003C5FA3 /* CurrnecyConvertTestTests */,
				C659497329B21C45003C5FA3 /* CurrnecyConvertTestUITests */,
				C659495129B21C44003C5FA3 /* Products */,
			);
			sourceTree = "<group>";
		};
		C659495129B21C44003C5FA3 /* Products */ = {
			isa = PBXGroup;
			children = (
				C659495029B21C44003C5FA3 /* CurrnecyConvertTest.app */,
				C659496629B21C45003C5FA3 /* CurrnecyConvertTestTests.xctest */,
				C659497029B21C45003C5FA3 /* CurrnecyConvertTestUITests.xctest */,
			);
			name = Products;
			sourceTree = "<group>";
		};
		C659495229B21C44003C5FA3 /* CurrnecyConvertTest */ = {
			isa = PBXGroup;
			children = (
				C6DFF16929B5422F0024CAD7 /* AppDelegate */,
				C6DFF16629B541B20024CAD7 /* Extension */,
				C625094529B3737E00A1F7E0 /* Services */,
				C625094429B3733900A1F7E0 /* ViewModel */,
				C625093E29B372B100A1F7E0 /* Model */,
				C659498329B2225F003C5FA3 /* View */,
				C659495C29B21C45003C5FA3 /* Assets.xcassets */,
				C659495E29B21C45003C5FA3 /* LaunchScreen.storyboard */,
				C659496129B21C45003C5FA3 /* Info.plist */,
			);
			path = CurrnecyConvertTest;
			sourceTree = "<group>";
		};
		C659496929B21C45003C5FA3 /* CurrnecyConvertTestTests */ = {
			isa = PBXGroup;
			children = (
				C659496A29B21C45003C5FA3 /* CurrnecyConvertTestTests.swift */,
			);
			path = CurrnecyConvertTestTests;
			sourceTree = "<group>";
		};
		C659497329B21C45003C5FA3 /* CurrnecyConvertTestUITests */ = {
			isa = PBXGroup;
			children = (
				C659497429B21C45003C5FA3 /* CurrnecyConvertTestUITests.swift */,
				C659497629B21C45003C5FA3 /* CurrnecyConvertTestUITestsLaunchTests.swift */,
			);
			path = CurrnecyConvertTestUITests;
			sourceTree = "<group>";
		};
		C659498329B2225F003C5FA3 /* View */ = {
			isa = PBXGroup;
			children = (
				C659495929B21C44003C5FA3 /* Main.storyboard */,
				C659495729B21C44003C5FA3 /* ViewController.swift */,
			);
			path = View;
			sourceTree = "<group>";
		};
		C6DFF16629B541B20024CAD7 /* Extension */ = {
			isa = PBXGroup;
			children = (
				C6DFF16729B541C80024CAD7 /* Extension.swift */,
			);
			path = Extension;
			sourceTree = "<group>";
		};
		C6DFF16929B5422F0024CAD7 /* AppDelegate */ = {
			isa = PBXGroup;
			children = (
				C659495329B21C44003C5FA3 /* AppDelegate.swift */,
				C659495529B21C44003C5FA3 /* SceneDelegate.swift */,
			);
			path = AppDelegate;
			sourceTree = "<group>";
		};
/* End PBXGroup section */

/* Begin PBXNativeTarget section */
		C659494F29B21C44003C5FA3 /* CurrnecyConvertTest */ = {
			isa = PBXNativeTarget;
			buildConfigurationList = C659497A29B21C45003C5FA3 /* Build configuration list for PBXNativeTarget "CurrnecyConvertTest" */;
			buildPhases = (
				C659494C29B21C44003C5FA3 /* Sources */,
				C659494D29B21C44003C5FA3 /* Frameworks */,
				C659494E29B21C44003C5FA3 /* Resources */,
			);
			buildRules = (
			);
			dependencies = (
			);
			name = CurrnecyConvertTest;
			productName = CurrnecyConvertTest;
			productReference = C659495029B21C44003C5FA3 /* CurrnecyConvertTest.app */;
			productType = "com.apple.product-type.application";
		};
		C659496529B21C45003C5FA3 /* CurrnecyConvertTestTests */ = {
			isa = PBXNativeTarget;
			buildConfigurationList = C659497D29B21C45003C5FA3 /* Build configuration list for PBXNativeTarget "CurrnecyConvertTestTests" */;
			buildPhases = (
				C659496229B21C45003C5FA3 /* Sources */,
				C659496329B21C45003C5FA3 /* Frameworks */,
				C659496429B21C45003C5FA3 /* Resources */,
			);
			buildRules = (
			);
			dependencies = (
				C659496829B21C45003C5FA3 /* PBXTargetDependency */,
			);
			name = CurrnecyConvertTestTests;
			productName = CurrnecyConvertTestTests;
			productReference = C659496629B21C45003C5FA3 /* CurrnecyConvertTestTests.xctest */;
			productType = "com.apple.product-type.bundle.unit-test";
		};
		C659496F29B21C45003C5FA3 /* CurrnecyConvertTestUITests */ = {
			isa = PBXNativeTarget;
			buildConfigurationList = C659498029B21C45003C5FA3 /* Build configuration list for PBXNativeTarget "CurrnecyConvertTestUITests" */;
			buildPhases = (
				C659496C29B21C45003C5FA3 /* Sources */,
				C659496D29B21C45003C5FA3 /* Frameworks */,
				C659496E29B21C45003C5FA3 /* Resources */,
			);
			buildRules = (
			);
			dependencies = (
				C659497229B21C45003C5FA3 /* PBXTargetDependency */,
			);
			name = CurrnecyConvertTestUITests;
			productName = CurrnecyConvertTestUITests;
			productReference = C659497029B21C45003C5FA3 /* CurrnecyConvertTestUITests.xctest */;
			productType = "com.apple.product-type.bundle.ui-testing";
		};
/* End PBXNativeTarget section */

/* Begin PBXProject section */
		C659494829B21C44003C5FA3 /* Project object */ = {
			isa = PBXProject;
			attributes = {
				BuildIndependentTargetsInParallel = 1;
				LastSwiftUpdateCheck = 1420;
				LastUpgradeCheck = 1420;
				TargetAttributes = {
					C659494F29B21C44003C5FA3 = {
						CreatedOnToolsVersion = 14.2;
					};
					C659496529B21C45003C5FA3 = {
						CreatedOnToolsVersion = 14.2;
						TestTargetID = C659494F29B21C44003C5FA3;
					};
					C659496F29B21C45003C5FA3 = {
						CreatedOnToolsVersion = 14.2;
						TestTargetID = C659494F29B21C44003C5FA3;
					};
				};
			};
			buildConfigurationList = C659494B29B21C44003C5FA3 /* Build configuration list for PBXProject "CurrnecyConvertTest" */;
			compatibilityVersion = "Xcode 14.0";
			developmentRegion = en;
			hasScannedForEncodings = 0;
			knownRegions = (
				en,
				Base,
			);
			mainGroup = C659494729B21C44003C5FA3;
			productRefGroup = C659495129B21C44003C5FA3 /* Products */;
			projectDirPath = "";
			projectRoot = "";
			targets = (
				C659494F29B21C44003C5FA3 /* CurrnecyConvertTest */,
				C659496529B21C45003C5FA3 /* CurrnecyConvertTestTests */,
				C659496F29B21C45003C5FA3 /* CurrnecyConvertTestUITests */,
			);
		};
/* End PBXProject section */

/* Begin PBXResourcesBuildPhase section */
		C659494E29B21C44003C5FA3 /* Resources */ = {
			isa = PBXResourcesBuildPhase;
			buildActionMask = 2147483647;
			files = (
				C659496029B21C45003C5FA3 /* LaunchScreen.storyboard in Resources */,
				C659495D29B21C45003C5FA3 /* Assets.xcassets in Resources */,
				C659495B29B21C44003C5FA3 /* Main.storyboard in Resources */,
			);
			runOnlyForDeploymentPostprocessing = 0;
		};
		C659496429B21C45003C5FA3 /* Resources */ = {
			isa = PBXResourcesBuildPhase;
			buildActionMask = 2147483647;
			files = (
			);
			runOnlyForDeploymentPostprocessing = 0;
		};
		C659496E29B21C45003C5FA3 /* Resources */ = {
			isa = PBXResourcesBuildPhase;
			buildActionMask = 2147483647;
			files = (
			);
			runOnlyForDeploymentPostprocessing = 0;
		};
/* End PBXResourcesBuildPhase section */

/* Begin PBXSourcesBuildPhase section */
		C659494C29B21C44003C5FA3 /* Sources */ = {
			isa = PBXSourcesBuildPhase;
			buildActionMask = 2147483647;
			files = (
				C625094B29B3737E00A1F7E0 /* EndPointType.swift in Sources */,
				C659495829B21C44003C5FA3 /* ViewController.swift in Sources */,
				C625094229B372C400A1F7E0 /* Rates.swift in Sources */,
				C659495429B21C44003C5FA3 /* AppDelegate.swift in Sources */,
				C625094A29B3737E00A1F7E0 /* Enpoint.swift in Sources */,
				C6DFF16829B541C80024CAD7 /* Extension.swift in Sources */,
				C625094E29B373EB00A1F7E0 /* CurrencyConverterViewModel.swift in Sources */,
				C625094329B372C400A1F7E0 /* Json4Swift_Base.swift in Sources */,
				C625094929B3737E00A1F7E0 /* NetworkService.swift in Sources */,
				C659495629B21C44003C5FA3 /* SceneDelegate.swift in Sources */,
			);
			runOnlyForDeploymentPostprocessing = 0;
		};
		C659496229B21C45003C5FA3 /* Sources */ = {
			isa = PBXSourcesBuildPhase;
			buildActionMask = 2147483647;
			files = (
				C659496B29B21C45003C5FA3 /* CurrnecyConvertTestTests.swift in Sources */,
			);
			runOnlyForDeploymentPostprocessing = 0;
		};
		C659496C29B21C45003C5FA3 /* Sources */ = {
			isa = PBXSourcesBuildPhase;
			buildActionMask = 2147483647;
			files = (
				C659497529B21C45003C5FA3 /* CurrnecyConvertTestUITests.swift in Sources */,
				C659497729B21C45003C5FA3 /* CurrnecyConvertTestUITestsLaunchTests.swift in Sources */,
			);
			runOnlyForDeploymentPostprocessing = 0;
		};
/* End PBXSourcesBuildPhase section */

/* Begin PBXTargetDependency section */
		C659496829B21C45003C5FA3 /* PBXTargetDependency */ = {
			isa = PBXTargetDependency;
			target = C659494F29B21C44003C5FA3 /* CurrnecyConvertTest */;
			targetProxy = C659496729B21C45003C5FA3 /* PBXContainerItemProxy */;
		};
		C659497229B21C45003C5FA3 /* PBXTargetDependency */ = {
			isa = PBXTargetDependency;
			target = C659494F29B21C44003C5FA3 /* CurrnecyConvertTest */;
			targetProxy = C659497129B21C45003C5FA3 /* PBXContainerItemProxy */;
		};
/* End PBXTargetDependency section */

/* Begin PBXVariantGroup section */
		C659495929B21C44003C5FA3 /* Main.storyboard */ = {
			isa = PBXVariantGroup;
			children = (
				C659495A29B21C44003C5FA3 /* Base */,
			);
			name = Main.storyboard;
			sourceTree = "<group>";
		};
		C659495E29B21C45003C5FA3 /* LaunchScreen.storyboard */ = {
			isa = PBXVariantGroup;
			children = (
				C659495F29B21C45003C5FA3 /* Base */,
			);
			name = LaunchScreen.storyboard;
			sourceTree = "<group>";
		};
/* End PBXVariantGroup section */

/* Begin XCBuildConfiguration section */
		C659497829B21C45003C5FA3 /* Debug */ = {
			isa = XCBuildConfiguration;
			buildSettings = {
				ALWAYS_SEARCH_USER_PATHS = NO;
				CLANG_ANALYZER_NONNULL = YES;
				CLANG_ANALYZER_NUMBER_OBJECT_CONVERSION = YES_AGGRESSIVE;
				CLANG_CXX_LANGUAGE_STANDARD = "gnu++20";
				CLANG_ENABLE_MODULES = YES;
				CLANG_ENABLE_OBJC_ARC = YES;
				CLANG_ENABLE_OBJC_WEAK = YES;
				CLANG_WARN_BLOCK_CAPTURE_AUTORELEASING = YES;
				CLANG_WARN_BOOL_CONVERSION = YES;
				CLANG_WARN_COMMA = YES;
				CLANG_WARN_CONSTANT_CONVERSION = YES;
				CLANG_WARN_DEPRECATED_OBJC_IMPLEMENTATIONS = YES;
				CLANG_WARN_DIRECT_OBJC_ISA_USAGE = YES_ERROR;
				CLANG_WARN_DOCUMENTATION_COMMENTS = YES;
				CLANG_WARN_EMPTY_BODY = YES;
				CLANG_WARN_ENUM_CONVERSION = YES;
				CLANG_WARN_INFINITE_RECURSION = YES;
				CLANG_WARN_INT_CONVERSION = YES;
				CLANG_WARN_NON_LITERAL_NULL_CONVERSION = YES;
				CLANG_WARN_OBJC_IMPLICIT_RETAIN_SELF = YES;
				CLANG_WARN_OBJC_LITERAL_CONVERSION = YES;
				CLANG_WARN_OBJC_ROOT_CLASS = YES_ERROR;
				CLANG_WARN_QUOTED_INCLUDE_IN_FRAMEWORK_HEADER = YES;
				CLANG_WARN_RANGE_LOOP_ANALYSIS = YES;
				CLANG_WARN_STRICT_PROTOTYPES = YES;
				CLANG_WARN_SUSPICIOUS_MOVE = YES;
				CLANG_WARN_UNGUARDED_AVAILABILITY = YES_AGGRESSIVE;
				CLANG_WARN_UNREACHABLE_CODE = YES;
				CLANG_WARN__DUPLICATE_METHOD_MATCH = YES;
				COPY_PHASE_STRIP = NO;
				DEBUG_INFORMATION_FORMAT = dwarf;
				ENABLE_STRICT_OBJC_MSGSEND = YES;
				ENABLE_TESTABILITY = YES;
				GCC_C_LANGUAGE_STANDARD = gnu11;
				GCC_DYNAMIC_NO_PIC = NO;
				GCC_NO_COMMON_BLOCKS = YES;
				GCC_OPTIMIZATION_LEVEL = 0;
				GCC_PREPROCESSOR_DEFINITIONS = (
					"DEBUG=1",
					"$(inherited)",
				);
				GCC_WARN_64_TO_32_BIT_CONVERSION = YES;
				GCC_WARN_ABOUT_RETURN_TYPE = YES_ERROR;
				GCC_WARN_UNDECLARED_SELECTOR = YES;
				GCC_WARN_UNINITIALIZED_AUTOS = YES_AGGRESSIVE;
				GCC_WARN_UNUSED_FUNCTION = YES;
				GCC_WARN_UNUSED_VARIABLE = YES;
				IPHONEOS_DEPLOYMENT_TARGET = 16.2;
				MTL_ENABLE_DEBUG_INFO = INCLUDE_SOURCE;
				MTL_FAST_MATH = YES;
				ONLY_ACTIVE_ARCH = YES;
				SDKROOT = iphoneos;
				SWIFT_ACTIVE_COMPILATION_CONDITIONS = DEBUG;
				SWIFT_OPTIMIZATION_LEVEL = "-Onone";
			};
			name = Debug;
		};
		C659497929B21C45003C5FA3 /* Release */ = {
			isa = XCBuildConfiguration;
			buildSettings = {
				ALWAYS_SEARCH_USER_PATHS = NO;
				CLANG_ANALYZER_NONNULL = YES;
				CLANG_ANALYZER_NUMBER_OBJECT_CONVERSION = YES_AGGRESSIVE;
				CLANG_CXX_LANGUAGE_STANDARD = "gnu++20";
				CLANG_ENABLE_MODULES = YES;
				CLANG_ENABLE_OBJC_ARC = YES;
				CLANG_ENABLE_OBJC_WEAK = YES;
				CLANG_WARN_BLOCK_CAPTURE_AUTORELEASING = YES;
				CLANG_WARN_BOOL_CONVERSION = YES;
				CLANG_WARN_COMMA = YES;
				CLANG_WARN_CONSTANT_CONVERSION = YES;
				CLANG_WARN_DEPRECATED_OBJC_IMPLEMENTATIONS = YES;
				CLANG_WARN_DIRECT_OBJC_ISA_USAGE = YES_ERROR;
				CLANG_WARN_DOCUMENTATION_COMMENTS = YES;
				CLANG_WARN_EMPTY_BODY = YES;
				CLANG_WARN_ENUM_CONVERSION = YES;
				CLANG_WARN_INFINITE_RECURSION = YES;
				CLANG_WARN_INT_CONVERSION = YES;
				CLANG_WARN_NON_LITERAL_NULL_CONVERSION = YES;
				CLANG_WARN_OBJC_IMPLICIT_RETAIN_SELF = YES;
				CLANG_WARN_OBJC_LITERAL_CONVERSION = YES;
				CLANG_WARN_OBJC_ROOT_CLASS = YES_ERROR;
				CLANG_WARN_QUOTED_INCLUDE_IN_FRAMEWORK_HEADER = YES;
				CLANG_WARN_RANGE_LOOP_ANALYSIS = YES;
				CLANG_WARN_STRICT_PROTOTYPES = YES;
				CLANG_WARN_SUSPICIOUS_MOVE = YES;
				CLANG_WARN_UNGUARDED_AVAILABILITY = YES_AGGRESSIVE;
				CLANG_WARN_UNREACHABLE_CODE = YES;
				CLANG_WARN__DUPLICATE_METHOD_MATCH = YES;
				COPY_PHASE_STRIP = NO;
				DEBUG_INFORMATION_FORMAT = "dwarf-with-dsym";
				ENABLE_NS_ASSERTIONS = NO;
				ENABLE_STRICT_OBJC_MSGSEND = YES;
				GCC_C_LANGUAGE_STANDARD = gnu11;
				GCC_NO_COMMON_BLOCKS = YES;
				GCC_WARN_64_TO_32_BIT_CONVERSION = YES;
				GCC_WARN_ABOUT_RETURN_TYPE = YES_ERROR;
				GCC_WARN_UNDECLARED_SELECTOR = YES;
				GCC_WARN_UNINITIALIZED_AUTOS = YES_AGGRESSIVE;
				GCC_WARN_UNUSED_FUNCTION = YES;
				GCC_WARN_UNUSED_VARIABLE = YES;
				IPHONEOS_DEPLOYMENT_TARGET = 16.2;
				MTL_ENABLE_DEBUG_INFO = NO;
				MTL_FAST_MATH = YES;
				SDKROOT = iphoneos;
				SWIFT_COMPILATION_MODE = wholemodule;
				SWIFT_OPTIMIZATION_LEVEL = "-O";
				VALIDATE_PRODUCT = YES;
			};
			name = Release;
		};
		C659497B29B21C45003C5FA3 /* Debug */ = {
			isa = XCBuildConfiguration;
			buildSettings = {
				ASSETCATALOG_COMPILER_APPICON_NAME = AppIcon;
				ASSETCATALOG_COMPILER_GLOBAL_ACCENT_COLOR_NAME = AccentColor;
				CODE_SIGN_STYLE = Automatic;
				CURRENT_PROJECT_VERSION = 1;
				DEVELOPMENT_TEAM = C6RK3PP883;
				GENERATE_INFOPLIST_FILE = YES;
				INFOPLIST_FILE = CurrnecyConvertTest/Info.plist;
				INFOPLIST_KEY_UIApplicationSupportsIndirectInputEvents = YES;
				INFOPLIST_KEY_UILaunchStoryboardName = LaunchScreen;
				INFOPLIST_KEY_UIMainStoryboardFile = Main;
				INFOPLIST_KEY_UISupportedInterfaceOrientations_iPad = "UIInterfaceOrientationPortrait UIInterfaceOrientationPortraitUpsideDown UIInterfaceOrientationLandscapeLeft UIInterfaceOrientationLandscapeRight";
				INFOPLIST_KEY_UISupportedInterfaceOrientations_iPhone = "UIInterfaceOrientationPortrait UIInterfaceOrientationLandscapeLeft UIInterfaceOrientationLandscapeRight";
				LD_RUNPATH_SEARCH_PATHS = (
					"$(inherited)",
					"@executable_path/Frameworks",
				);
				MARKETING_VERSION = 1.0;
				PRODUCT_BUNDLE_IDENTIFIER = com.kgnit.CurrnecyConvertTest;
				PRODUCT_NAME = "$(TARGET_NAME)";
				SWIFT_EMIT_LOC_STRINGS = YES;
				SWIFT_VERSION = 5.0;
				TARGETED_DEVICE_FAMILY = "1,2";
			};
			name = Debug;
		};
		C659497C29B21C45003C5FA3 /* Release */ = {
			isa = XCBuildConfiguration;
			buildSettings = {
				ASSETCATALOG_COMPILER_APPICON_NAME = AppIcon;
				ASSETCATALOG_COMPILER_GLOBAL_ACCENT_COLOR_NAME = AccentColor;
				CODE_SIGN_STYLE = Automatic;
				CURRENT_PROJECT_VERSION = 1;
				DEVELOPMENT_TEAM = C6RK3PP883;
				GENERATE_INFOPLIST_FILE = YES;
				INFOPLIST_FILE = CurrnecyConvertTest/Info.plist;
				INFOPLIST_KEY_UIApplicationSupportsIndirectInputEvents = YES;
				INFOPLIST_KEY_UILaunchStoryboardName = LaunchScreen;
				INFOPLIST_KEY_UIMainStoryboardFile = Main;
				INFOPLIST_KEY_UISupportedInterfaceOrientations_iPad = "UIInterfaceOrientationPortrait UIInterfaceOrientationPortraitUpsideDown UIInterfaceOrientationLandscapeLeft UIInterfaceOrientationLandscapeRight";
				INFOPLIST_KEY_UISupportedInterfaceOrientations_iPhone = "UIInterfaceOrientationPortrait UIInterfaceOrientationLandscapeLeft UIInterfaceOrientationLandscapeRight";
				LD_RUNPATH_SEARCH_PATHS = (
					"$(inherited)",
					"@executable_path/Frameworks",
				);
				MARKETING_VERSION = 1.0;
				PRODUCT_BUNDLE_IDENTIFIER = com.kgnit.CurrnecyConvertTest;
				PRODUCT_NAME = "$(TARGET_NAME)";
				SWIFT_EMIT_LOC_STRINGS = YES;
				SWIFT_VERSION = 5.0;
				TARGETED_DEVICE_FAMILY = "1,2";
			};
			name = Release;
		};
		C659497E29B21C45003C5FA3 /* Debug */ = {
			isa = XCBuildConfiguration;
			buildSettings = {
				ALWAYS_EMBED_SWIFT_STANDARD_LIBRARIES = YES;
				BUNDLE_LOADER = "$(TEST_HOST)";
				CODE_SIGN_STYLE = Automatic;
				CURRENT_PROJECT_VERSION = 1;
				GENERATE_INFOPLIST_FILE = YES;
				IPHONEOS_DEPLOYMENT_TARGET = 16.2;
				MARKETING_VERSION = 1.0;
				PRODUCT_BUNDLE_IDENTIFIER = com.kgnit.CurrnecyConvertTestTests;
				PRODUCT_NAME = "$(TARGET_NAME)";
				SWIFT_EMIT_LOC_STRINGS = NO;
				SWIFT_VERSION = 5.0;
				TARGETED_DEVICE_FAMILY = "1,2";
				TEST_HOST = "$(BUILT_PRODUCTS_DIR)/CurrnecyConvertTest.app/$(BUNDLE_EXECUTABLE_FOLDER_PATH)/CurrnecyConvertTest";
			};
			name = Debug;
		};
		C659497F29B21C45003C5FA3 /* Release */ = {
			isa = XCBuildConfiguration;
			buildSettings = {
				ALWAYS_EMBED_SWIFT_STANDARD_LIBRARIES = YES;
				BUNDLE_LOADER = "$(TEST_HOST)";
				CODE_SIGN_STYLE = Automatic;
				CURRENT_PROJECT_VERSION = 1;
				GENERATE_INFOPLIST_FILE = YES;
				IPHONEOS_DEPLOYMENT_TARGET = 16.2;
				MARKETING_VERSION = 1.0;
				PRODUCT_BUNDLE_IDENTIFIER = com.kgnit.CurrnecyConvertTestTests;
				PRODUCT_NAME = "$(TARGET_NAME)";
				SWIFT_EMIT_LOC_STRINGS = NO;
				SWIFT_VERSION = 5.0;
				TARGETED_DEVICE_FAMILY = "1,2";
				TEST_HOST = "$(BUILT_PRODUCTS_DIR)/CurrnecyConvertTest.app/$(BUNDLE_EXECUTABLE_FOLDER_PATH)/CurrnecyConvertTest";
			};
			name = Release;
		};
		C659498129B21C45003C5FA3 /* Debug */ = {
			isa = XCBuildConfiguration;
			buildSettings = {
				ALWAYS_EMBED_SWIFT_STANDARD_LIBRARIES = YES;
				CODE_SIGN_STYLE = Automatic;
				CURRENT_PROJECT_VERSION = 1;
				GENERATE_INFOPLIST_FILE = YES;
				MARKETING_VERSION = 1.0;
				PRODUCT_BUNDLE_IDENTIFIER = com.kgnit.CurrnecyConvertTestUITests;
				PRODUCT_NAME = "$(TARGET_NAME)";
				SWIFT_EMIT_LOC_STRINGS = NO;
				SWIFT_VERSION = 5.0;
				TARGETED_DEVICE_FAMILY = "1,2";
				TEST_TARGET_NAME = CurrnecyConvertTest;
			};
			name = Debug;
		};
		C659498229B21C45003C5FA3 /* Release */ = {
			isa = XCBuildConfiguration;
			buildSettings = {
				ALWAYS_EMBED_SWIFT_STANDARD_LIBRARIES = YES;
				CODE_SIGN_STYLE = Automatic;
				CURRENT_PROJECT_VERSION = 1;
				GENERATE_INFOPLIST_FILE = YES;
				MARKETING_VERSION = 1.0;
				PRODUCT_BUNDLE_IDENTIFIER = com.kgnit.CurrnecyConvertTestUITests;
				PRODUCT_NAME = "$(TARGET_NAME)";
				SWIFT_EMIT_LOC_STRINGS = NO;
				SWIFT_VERSION = 5.0;
				TARGETED_DEVICE_FAMILY = "1,2";
				TEST_TARGET_NAME = CurrnecyConvertTest;
			};
			name = Release;
		};
/* End XCBuildConfiguration section */

/* Begin XCConfigurationList section */
		C659494B29B21C44003C5FA3 /* Build configuration list for PBXProject "CurrnecyConvertTest" */ = {
			isa = XCConfigurationList;
			buildConfigurations = (
				C659497829B21C45003C5FA3 /* Debug */,
				C659497929B21C45003C5FA3 /* Release */,
			);
			defaultConfigurationIsVisible = 0;
			defaultConfigurationName = Release;
		};
		C659497A29B21C45003C5FA3 /* Build configuration list for PBXNativeTarget "CurrnecyConvertTest" */ = {
			isa = XCConfigurationList;
			buildConfigurations = (
				C659497B29B21C45003C5FA3 /* Debug */,
				C659497C29B21C45003C5FA3 /* Release */,
			);
			defaultConfigurationIsVisible = 0;
			defaultConfigurationName = Release;
		};
		C659497D29B21C45003C5FA3 /* Build configuration list for PBXNativeTarget "CurrnecyConvertTestTests" */ = {
			isa = XCConfigurationList;
			buildConfigurations = (
				C659497E29B21C45003C5FA3 /* Debug */,
				C659497F29B21C45003C5FA3 /* Release */,
			);
			defaultConfigurationIsVisible = 0;
			defaultConfigurationName = Release;
		};
		C659498029B21C45003C5FA3 /* Build configuration list for PBXNativeTarget "CurrnecyConvertTestUITests" */ = {
			isa = XCConfigurationList;
			buildConfigurations = (
				C659498129B21C45003C5FA3 /* Debug */,
				C659498229B21C45003C5FA3 /* Release */,
			);
			defaultConfigurationIsVisible = 0;
			defaultConfigurationName = Release;
		};
/* End XCConfigurationList section */
	};
	rootObject = C659494829B21C44003C5FA3 /* Project object */;
}
